{
  "name": "sbom-node-fixture",
  "version": "1.0.0",
  "lockfileVersion": 3,
  "requires": true,
  "packages": {
    "": {
      "name": "sbom-node-fixture",
      "version": "1.0.0",
      "dependencies": {
        "express": "4.21.0"
      }
    },
    "node_modules/express": {
      "version": "4.21.0",
      "resolved": "https://registry.npmjs.org/express/-/express-4.21.0.tgz",
      "integrity": "sha512-67H8Q2T9mGvM2h9GZQ5PddmnfjfvDh1PUVLx8bWzZ2jCItDq7jYHecYxP8H1ai1FiJY3q0zC30YvPqTHfJ3brw=="
    }
  }
}
